PODS:
  - MMMLog (0.4):
    - MMMLog/Swift (= 0.4)
  - MMMLog/ObjC (0.4)
  - MMMLog/Swift (0.4):
    - MMMLog/ObjC

DEPENDENCIES:
  - MMMLog (from `../`)

EXTERNAL SOURCES:
  MMMLog:
    :path: "../"

SPEC CHECKSUMS:
  MMMLog: aa48df599f92922b59d296c53369d7d38296674d

PODFILE CHECKSUM: a2b4fd0d469153205637419d2456906850a7e741

COCOAPODS: 1.8.4
